
Microsoft Visual Studio Solution File, Format Version 12.00
# Visual Studio Version 17
VisualStudioVersion = 17.4.33122.133
MinimumVisualStudioVersion = 10.0.40219.1
Project("{9A19103F-16F7-4668-BE54-9A1E7A4F7556}") = "Monopoly server", "Monopoly server\Monopoly server.csproj", "{D4240E41-CE42-47C7-A55F-069407E715A8}"
EndProject
Project("{9A19103F-16F7-4668-BE54-9A1E7A4F7556}") = "Monopoly class library", "Monopoly class library\Monopoly class library.csproj", "{B89528CC-9984-456C-9DB8-F9E7420EB3D5}"
EndProject
Project("{FAE04EC0-301F-11D3-BF4B-00C04F79EFBC}") = "XProtocol", "XProtocol\XProtocol.csproj", "{B510589E-929E-47FC-9908-01F631FFB574}"
EndProject
Global
	GlobalSection(SolutionConfigurationPlatforms) = preSolution
		Debug|Any CPU = Debug|Any CPU
		Release|Any CPU = Release|Any CPU
	EndGlobalSection
	GlobalSection(ProjectConfigurationPlatforms) = postSolution
		{D4240E41-CE42-47C7-A55F-069407E715A8}.Debug|Any CPU.ActiveCfg = Debug|Any CPU
		{D4240E41-CE42-47C7-A55F-069407E715A8}.Debug|Any CPU.Build.0 = Debug|Any CPU
		{D4240E41-CE42-47C7-A55F-069407E715A8}.Release|Any CPU.ActiveCfg = Release|Any CPU
		{D4240E41-CE42-47C7-A55F-069407E715A8}.Release|Any CPU.Build.0 = Release|Any CPU
		{B89528CC-9984-456C-9DB8-F9E7420EB3D5}.Debug|Any CPU.ActiveCfg = Debug|Any CPU
		{B89528CC-9984-456C-9DB8-F9E7420EB3D5}.Debug|Any CPU.Build.0 = Debug|Any CPU
		{B89528CC-9984-456C-9DB8-F9E7420EB3D5}.Release|Any CPU.ActiveCfg = Release|Any CPU
		{B89528CC-9984-456C-9DB8-F9E7420EB3D5}.Release|Any CPU.Build.0 = Release|Any CPU
		{B510589E-929E-47FC-9908-01F631FFB574}.Debug|Any CPU.ActiveCfg = Debug|Any CPU
		{B510589E-929E-47FC-9908-01F631FFB574}.Debug|Any CPU.Build.0 = Debug|Any CPU
		{B510589E-929E-47FC-9908-01F631FFB574}.Release|Any CPU.ActiveCfg = Release|Any CPU
		{B510589E-929E-47FC-9908-01F631FFB574}.Release|Any CPU.Build.0 = Release|Any CPU
	EndGlobalSection
	GlobalSection(SolutionProperties) = preSolution
		HideSolutionNode = FALSE
	EndGlobalSection
	GlobalSection(ExtensibilityGlobals) = postSolution
		SolutionGuid = {F62E8515-F769-4AF7-99E9-523D524A6119}
	EndGlobalSection
EndGlobal
