
Microsoft Visual Studio Solution File, Format Version 12.00
# Visual Studio Version 17
VisualStudioVersion = 17.4.33122.133
MinimumVisualStudioVersion = 10.0.40219.1
Project("{FAE04EC0-301F-11D3-BF4B-00C04F79EFBC}") = "TCPClient", "TCPClient\TCPClient.csproj", "{A76BFE5A-C711-4B27-BD8B-2AA917401E3C}"
EndProject
Project("{FAE04EC0-301F-11D3-BF4B-00C04F79EFBC}") = "XProtocol", "..\XProtocol\XProtocol.csproj", "{B510589E-929E-47FC-9908-01F631FFB574}"
EndProject
Global
	GlobalSection(SolutionConfigurationPlatforms) = preSolution
		Debug|Any CPU = Debug|Any CPU
		Release|Any CPU = Release|Any CPU
	EndGlobalSection
	GlobalSection(ProjectConfigurationPlatforms) = postSolution
		{A76BFE5A-C711-4B27-BD8B-2AA917401E3C}.Debug|Any CPU.ActiveCfg = Debug|Any CPU
		{A76BFE5A-C711-4B27-BD8B-2AA917401E3C}.Debug|Any CPU.Build.0 = Debug|Any CPU
		{A76BFE5A-C711-4B27-BD8B-2AA917401E3C}.Release|Any CPU.ActiveCfg = Release|Any CPU
		{A76BFE5A-C711-4B27-BD8B-2AA917401E3C}.Release|Any CPU.Build.0 = Release|Any CPU
		{B510589E-929E-47FC-9908-01F631FFB574}.Debug|Any CPU.ActiveCfg = Debug|Any CPU
		{B510589E-929E-47FC-9908-01F631FFB574}.Debug|Any CPU.Build.0 = Debug|Any CPU
		{B510589E-929E-47FC-9908-01F631FFB574}.Release|Any CPU.ActiveCfg = Release|Any CPU
		{B510589E-929E-47FC-9908-01F631FFB574}.Release|Any CPU.Build.0 = Release|Any CPU
	EndGlobalSection
	GlobalSection(SolutionProperties) = preSolution
		HideSolutionNode = FALSE
	EndGlobalSection
	GlobalSection(ExtensibilityGlobals) = postSolution
		SolutionGuid = {F623C88C-1A16-4501-98E6-AA3FD01FF781}
	EndGlobalSection
EndGlobal
